
Microsoft Visual Studio Solution File, Format Version 12.00
# Visual Studio Version 16
VisualStudioVersion = 16.0.29306.81
MinimumVisualStudioVersion = 10.0.40219.1
Project("{FAE04EC0-301F-11D3-BF4B-00C04F79EFBC}") = "MagicDuelers", "MagicDuelers\MagicDuelers.csproj", "{A6D96820-6DB8-4941-9784-CFF02121235A}"
EndProject
Global
	GlobalSection(SolutionConfigurationPlatforms) = preSolution
		Debug|Any CPU = Debug|Any CPU
		Release|Any CPU = Release|Any CPU
	EndGlobalSection
	GlobalSection(ProjectConfigurationPlatforms) = postSolution
		{A6D96820-6DB8-4941-9784-CFF02121235A}.Debug|Any CPU.ActiveCfg = Debug|Any CPU
		{A6D96820-6DB8-4941-9784-CFF02121235A}.Debug|Any CPU.Build.0 = Debug|Any CPU
		{A6D96820-6DB8-4941-9784-CFF02121235A}.Release|Any CPU.ActiveCfg = Release|Any CPU
		{A6D96820-6DB8-4941-9784-CFF02121235A}.Release|Any CPU.Build.0 = Release|Any CPU
	EndGlobalSection
	GlobalSection(SolutionProperties) = preSolution
		HideSolutionNode = FALSE
	EndGlobalSection
	GlobalSection(ExtensibilityGlobals) = postSolution
		SolutionGuid = {00B83446-EE27-4F8F-BFA4-D17A474625D5}
	EndGlobalSection
EndGlobal
